
Microsoft Visual Studio Solution File, Format Version 12.00
# Visual Studio 2013
VisualStudioVersion = 12.0.30723.0
MinimumVisualStudioVersion = 10.0.40219.1
Project("{FAE04EC0-301F-11D3-BF4B-00C04F79EFBC}") = "CyberPizza.LojaVirtual.Dominio", "CyberPizza.LojaVirtual.Dominio\CyberPizza.LojaVirtual.Dominio.csproj", "{FB125E53-EEE8-43C3-A015-F82E308DAC10}"
EndProject
Project("{FAE04EC0-301F-11D3-BF4B-00C04F79EFBC}") = "CyberPizza.LojaVirtual.Web", "CyberPizza.LojaVirtual.Web\CyberPizza.LojaVirtual.Web.csproj", "{CB7BB0A8-BA0B-4045-824E-411712E0BC90}"
EndProject
Project("{FAE04EC0-301F-11D3-BF4B-00C04F79EFBC}") = "CyberPizza.LojaVirtual.UnitTest", "CyberPizza.LojaVirtual.UnitTest\CyberPizza.LojaVirtual.UnitTest.csproj", "{7F2D9685-FA11-4A3E-8C3B-4D2C3146ECCA}"
EndProject
Global
	GlobalSection(SolutionConfigurationPlatforms) = preSolution
		Debug|Any CPU = Debug|Any CPU
		Release|Any CPU = Release|Any CPU
	EndGlobalSection
	GlobalSection(ProjectConfigurationPlatforms) = postSolution
		{FB125E53-EEE8-43C3-A015-F82E308DAC10}.Debug|Any CPU.ActiveCfg = Debug|Any CPU
		{FB125E53-EEE8-43C3-A015-F82E308DAC10}.Debug|Any CPU.Build.0 = Debug|Any CPU
		{FB125E53-EEE8-43C3-A015-F82E308DAC10}.Release|Any CPU.ActiveCfg = Release|Any CPU
		{FB125E53-EEE8-43C3-A015-F82E308DAC10}.Release|Any CPU.Build.0 = Release|Any CPU
		{CB7BB0A8-BA0B-4045-824E-411712E0BC90}.Debug|Any CPU.ActiveCfg = Debug|Any CPU
		{CB7BB0A8-BA0B-4045-824E-411712E0BC90}.Debug|Any CPU.Build.0 = Debug|Any CPU
		{CB7BB0A8-BA0B-4045-824E-411712E0BC90}.Release|Any CPU.ActiveCfg = Release|Any CPU
		{CB7BB0A8-BA0B-4045-824E-411712E0BC90}.Release|Any CPU.Build.0 = Release|Any CPU
		{7F2D9685-FA11-4A3E-8C3B-4D2C3146ECCA}.Debug|Any CPU.ActiveCfg = Debug|Any CPU
		{7F2D9685-FA11-4A3E-8C3B-4D2C3146ECCA}.Debug|Any CPU.Build.0 = Debug|Any CPU
		{7F2D9685-FA11-4A3E-8C3B-4D2C3146ECCA}.Release|Any CPU.ActiveCfg = Release|Any CPU
		{7F2D9685-FA11-4A3E-8C3B-4D2C3146ECCA}.Release|Any CPU.Build.0 = Release|Any CPU
	EndGlobalSection
	GlobalSection(SolutionProperties) = preSolution
		HideSolutionNode = FALSE
	EndGlobalSection
EndGlobal
